Microsoft Visual Studio Solution File, Format Version 12.00
# Visual Studio Version 17
VisualStudioVersion = 17.9.34902.65
MinimumVisualStudioVersion = 15.0.26730.12
Project("{9A19103F-16F7-4668-BE54-9A1E7A4F7556}") = "ClientUI", "ClientUI\ClientUI.csproj", "{D4DCF868-A625-4B0B-BB20-C150553A6548}"
EndProject
Project("{9A19103F-16F7-4668-BE54-9A1E7A4F7556}") = "Messages", "Messages\Messages.csproj", "{F6DE8266-1F56-4241-965C-2DDBB76CEC1E}"
EndProject
Project("{9A19103F-16F7-4668-BE54-9A1E7A4F7556}") = "Sales", "Sales\Sales.csproj", "{CD42E5DF-D4A7-4933-8017-1398B2E9560F}"
EndProject
Project("{9A19103F-16F7-4668-BE54-9A1E7A4F7556}") = "Billing", "Billing\Billing.csproj", "{9BF02A43-6D9D-4B49-A06D-603A66C6BCB5}"
EndProject
Project("{9A19103F-16F7-4668-BE54-9A1E7A4F7556}") = "Shipping", "Shipping\Shipping.csproj", "{41F0D809-8FA4-4139-9131-09441D69AFB1}"
EndProject
Project("{9A19103F-16F7-4668-BE54-9A1E7A4F7556}") = "PlatformLauncher", "PlatformLauncher\PlatformLauncher.csproj", "{D98DF31F-6B4B-42E1-BEE5-8CAB949638C2}"
EndProject
Project("{9A19103F-16F7-4668-BE54-9A1E7A4F7556}") = "MonitoringDemo", "MonitoringDemo\MonitoringDemo.csproj", "{55C64607-52E9-4E85-A547-50B191856A93}"
EndProject
Project("{2150E333-8FDC-42A3-9474-1A3956D46DE8}") = "Solution Items", "Solution Items", "{7D29C905-CE3A-4D93-8271-7BA09CEE1631}"
	ProjectSection(SolutionItems) = preProject
		Directory.Build.props = Directory.Build.props
	EndProjectSection
EndProject
Global
	GlobalSection(SolutionConfigurationPlatforms) = preSolution
		Debug|Any CPU = Debug|Any CPU
		Release|Any CPU = Release|Any CPU
	EndGlobalSection
	GlobalSection(ProjectConfigurationPlatforms) = postSolution
		{D4DCF868-A625-4B0B-BB20-C150553A6548}.Debug|Any CPU.ActiveCfg = Debug|Any CPU
		{D4DCF868-A625-4B0B-BB20-C150553A6548}.Debug|Any CPU.Build.0 = Debug|Any CPU
		{D4DCF868-A625-4B0B-BB20-C150553A6548}.Release|Any CPU.ActiveCfg = Release|Any CPU
		{D4DCF868-A625-4B0B-BB20-C150553A6548}.Release|Any CPU.Build.0 = Release|Any CPU
		{F6DE8266-1F56-4241-965C-2DDBB76CEC1E}.Debug|Any CPU.ActiveCfg = Debug|Any CPU
		{F6DE8266-1F56-4241-965C-2DDBB76CEC1E}.Debug|Any CPU.Build.0 = Debug|Any CPU
		{F6DE8266-1F56-4241-965C-2DDBB76CEC1E}.Release|Any CPU.ActiveCfg = Release|Any CPU
		{F6DE8266-1F56-4241-965C-2DDBB76CEC1E}.Release|Any CPU.Build.0 = Release|Any CPU
		{CD42E5DF-D4A7-4933-8017-1398B2E9560F}.Debug|Any CPU.ActiveCfg = Debug|Any CPU
		{CD42E5DF-D4A7-4933-8017-1398B2E9560F}.Debug|Any CPU.Build.0 = Debug|Any CPU
		{CD42E5DF-D4A7-4933-8017-1398B2E9560F}.Release|Any CPU.ActiveCfg = Release|Any CPU
		{CD42E5DF-D4A7-4933-8017-1398B2E9560F}.Release|Any CPU.Build.0 = Release|Any CPU
		{9BF02A43-6D9D-4B49-A06D-603A66C6BCB5}.Debug|Any CPU.ActiveCfg = Debug|Any CPU
		{9BF02A43-6D9D-4B49-A06D-603A66C6BCB5}.Debug|Any CPU.Build.0 = Debug|Any CPU
		{9BF02A43-6D9D-4B49-A06D-603A66C6BCB5}.Release|Any CPU.ActiveCfg = Release|Any CPU
		{9BF02A43-6D9D-4B49-A06D-603A66C6BCB5}.Release|Any CPU.Build.0 = Release|Any CPU
		{41F0D809-8FA4-4139-9131-09441D69AFB1}.Debug|Any CPU.ActiveCfg = Debug|Any CPU
		{41F0D809-8FA4-4139-9131-09441D69AFB1}.Debug|Any CPU.Build.0 = Debug|Any CPU
		{41F0D809-8FA4-4139-9131-09441D69AFB1}.Release|Any CPU.ActiveCfg = Release|Any CPU
		{41F0D809-8FA4-4139-9131-09441D69AFB1}.Release|Any CPU.Build.0 = Release|Any CPU
		{D98DF31F-6B4B-42E1-BEE5-8CAB949638C2}.Debug|Any CPU.ActiveCfg = Debug|Any CPU
		{D98DF31F-6B4B-42E1-BEE5-8CAB949638C2}.Debug|Any CPU.Build.0 = Debug|Any CPU
		{D98DF31F-6B4B-42E1-BEE5-8CAB949638C2}.Release|Any CPU.ActiveCfg = Release|Any CPU
		{D98DF31F-6B4B-42E1-BEE5-8CAB949638C2}.Release|Any CPU.Build.0 = Release|Any CPU
		{55C64607-52E9-4E85-A547-50B191856A93}.Debug|Any CPU.ActiveCfg = Debug|Any CPU
		{55C64607-52E9-4E85-A547-50B191856A93}.Debug|Any CPU.Build.0 = Debug|Any CPU
		{55C64607-52E9-4E85-A547-50B191856A93}.Release|Any CPU.ActiveCfg = Release|Any CPU
		{55C64607-52E9-4E85-A547-50B191856A93}.Release|Any CPU.Build.0 = Release|Any CPU
	EndGlobalSection
	GlobalSection(SolutionProperties) = preSolution
		HideSolutionNode = FALSE
	EndGlobalSection
	GlobalSection(ExtensibilityGlobals) = postSolution
		SolutionGuid = {081FC59E-04F4-4FB2-88A6-64A7C18BAA10}
	EndGlobalSection
EndGlobal
